{
  "meteor": {},
  "dependencies": {
    "basePackages": {
      "protoplanet": {
        "path": "."
      }
    },
    "packages": {
      "protoplanet": {
        "path": "."
      },
      "stylus-latest": {
        "git": "https://github.com/sbking/meteor-stylus-latest.git",
        "tag": "v0.41.4",
        "commit": "e088c5c2d4d4b4d4b13bf0e1a0ad04976cb15c34"
      }
    }
  }
}
